
Microsoft Visual Studio Solution File, Format Version 12.00
Project("{FAE04EC0-301F-11D3-BF4B-00C04F79EFBC}") = "SimpleWebApi", "SimpleWebApi\SimpleWebApi.csproj", "{0F60D84B-14D7-43A9-850B-3BA3146C5304}"
EndProject
Project("{FAE04EC0-301F-11D3-BF4B-00C04F79EFBC}") = "SimpleWebApi.Tests", "SimpleWebApi.Tests\SimpleWebApi.Tests.csproj", "{93429C3E-E013-48CD-8D83-47E94452F1C7}"
EndProject
Global
	GlobalSection(SolutionConfigurationPlatforms) = preSolution
		Debug|Any CPU = Debug|Any CPU
		Release|Any CPU = Release|Any CPU
	EndGlobalSection
	GlobalSection(ProjectConfigurationPlatforms) = postSolution
		{0F60D84B-14D7-43A9-850B-3BA3146C5304}.Debug|Any CPU.ActiveCfg = Debug|Any CPU
		{0F60D84B-14D7-43A9-850B-3BA3146C5304}.Debug|Any CPU.Build.0 = Debug|Any CPU
		{0F60D84B-14D7-43A9-850B-3BA3146C5304}.Release|Any CPU.ActiveCfg = Release|Any CPU
		{0F60D84B-14D7-43A9-850B-3BA3146C5304}.Release|Any CPU.Build.0 = Release|Any CPU
		{93429C3E-E013-48CD-8D83-47E94452F1C7}.Debug|Any CPU.ActiveCfg = Debug|Any CPU
		{93429C3E-E013-48CD-8D83-47E94452F1C7}.Debug|Any CPU.Build.0 = Debug|Any CPU
		{93429C3E-E013-48CD-8D83-47E94452F1C7}.Release|Any CPU.ActiveCfg = Release|Any CPU
		{93429C3E-E013-48CD-8D83-47E94452F1C7}.Release|Any CPU.Build.0 = Release|Any CPU
	EndGlobalSection
EndGlobal
